{
  "originHash" : "46990a1c455e36ad8a727480b163d874cf9ca694d4c02ac0eb1264da3e4db7b7",
  "pins" : [
    {
      "identity" : "parse-swift",
      "kind" : "remoteSourceControl",
      "location" : "https://github.com/netreconlab/parse-swift",
      "state" : {
        "revision" : "c9d8c954f4c6d0119e43db26de1f21132ac2a1ff",
        "version" : "5.12.2"
      }
    }
  ],
  "version" : 3
}
